
Microsoft Visual Studio Solution File, Format Version 12.00
# Visual Studio Version 17
VisualStudioVersion = 17.13.35818.85 d17.13
MinimumVisualStudioVersion = 10.0.40219.1
Project("{FAE04EC0-301F-11D3-BF4B-00C04F79EFBC}") = "DbSolution", "DbSolution\DbSolution.csproj", "{608AD9FB-0CB8-4F72-8B8D-D935D43C30EE}"
EndProject
Global
	GlobalSection(SolutionConfigurationPlatforms) = preSolution
		Debug|Any CPU = Debug|Any CPU
		Release|Any CPU = Release|Any CPU
	EndGlobalSection
	GlobalSection(ProjectConfigurationPlatforms) = postSolution
		{608AD9FB-0CB8-4F72-8B8D-D935D43C30EE}.Debug|Any CPU.ActiveCfg = Debug|Any CPU
		{608AD9FB-0CB8-4F72-8B8D-D935D43C30EE}.Debug|Any CPU.Build.0 = Debug|Any CPU
		{608AD9FB-0CB8-4F72-8B8D-D935D43C30EE}.Release|Any CPU.ActiveCfg = Release|Any CPU
		{608AD9FB-0CB8-4F72-8B8D-D935D43C30EE}.Release|Any CPU.Build.0 = Release|Any CPU
	EndGlobalSection
	GlobalSection(SolutionProperties) = preSolution
		HideSolutionNode = FALSE
	EndGlobalSection
	GlobalSection(ExtensibilityGlobals) = postSolution
		SolutionGuid = {C07FAE03-709B-413B-ADFD-4300D215E653}
	EndGlobalSection
EndGlobal
